{
    "version": 3,
    "terraform_version": "0.11.11",
    "serial": 9,
    "lineage": "067bd13c-e5af-eef8-b870-080e9f2f967f",
    "modules": [
        {
            "path": [
                "root"
            ],
            "outputs": {},
            "resources": {
                "aws_internet_gateway.igw": {
                    "type": "aws_internet_gateway",
                    "depends_on": [
                        "aws_vpc.vpc"
                    ],
                    "primary": {
                        "id": "igw-0aed4244cf3097b61",
                        "attributes": {
                            "id": "igw-0aed4244cf3097b61",
                            "owner_id": "082495144955",
                            "tags.%": "1",
                            "tags.Environment": "Production",
                            "vpc_id": "vpc-0900746ead42d7ab5"
                        },
                        "meta": {},
                        "tainted": false
                    },
                    "deposed": [],
                    "provider": "provider.aws"
                },
                "aws_route_table.rtb_public": {
                    "type": "aws_route_table",
                    "depends_on": [
                        "aws_internet_gateway.igw",
                        "aws_vpc.vpc"
                    ],
                    "primary": {
                        "id": "rtb-0697dfd052426567a",
                        "attributes": {
                            "id": "rtb-0697dfd052426567a",
                            "owner_id": "082495144955",
                            "propagating_vgws.#": "0",
                            "route.#": "1",
                            "route.3875637902.cidr_block": "0.0.0.0/0",
                            "route.3875637902.egress_only_gateway_id": "",
                            "route.3875637902.gateway_id": "igw-0aed4244cf3097b61",
                            "route.3875637902.instance_id": "",
                            "route.3875637902.ipv6_cidr_block": "",
                            "route.3875637902.nat_gateway_id": "",
                            "route.3875637902.network_interface_id": "",
                            "route.3875637902.transit_gateway_id": "",
                            "route.3875637902.vpc_peering_connection_id": "",
                            "tags.%": "1",
                            "tags.Environment": "Production",
                            "vpc_id": "vpc-0900746ead42d7ab5"
                        },
                        "meta": {},
                        "tainted": false
                    },
                    "deposed": [],
                    "provider": "provider.aws"
                },
                "aws_route_table_association.a": {
                    "type": "aws_route_table_association",
                    "depends_on": [
                        "aws_route_table.rtb_public",
                        "aws_subnet.subnet_public1"
                    ],
                    "primary": {
                        "id": "rtbassoc-04fe95f8ecd77aecf",
                        "attributes": {
                            "id": "rtbassoc-04fe95f8ecd77aecf",
                            "route_table_id": "rtb-0697dfd052426567a",
                            "subnet_id": "subnet-0db271a708b8a13be"
                        },
                        "meta": {},
                        "tainted": false
                    },
                    "deposed": [],
                    "provider": "provider.aws"
                },
                "aws_route_table_association.b": {
                    "type": "aws_route_table_association",
                    "depends_on": [
                        "aws_route_table.rtb_public",
                        "aws_subnet.subnet_public2"
                    ],
                    "primary": {
                        "id": "rtbassoc-0c50b48b399ecd26c",
                        "attributes": {
                            "id": "rtbassoc-0c50b48b399ecd26c",
                            "route_table_id": "rtb-0697dfd052426567a",
                            "subnet_id": "subnet-0b4deedf6f659dda5"
                        },
                        "meta": {},
                        "tainted": false
                    },
                    "deposed": [],
                    "provider": "provider.aws"
                },
                "aws_route_table_association.c": {
                    "type": "aws_route_table_association",
                    "depends_on": [
                        "aws_route_table.rtb_public",
                        "aws_subnet.subnet_public3"
                    ],
                    "primary": {
                        "id": "rtbassoc-0be694ee7da12e3b9",
                        "attributes": {
                            "id": "rtbassoc-0be694ee7da12e3b9",
                            "route_table_id": "rtb-0697dfd052426567a",
                            "subnet_id": "subnet-09aa2b34b8d7ede69"
                        },
                        "meta": {},
                        "tainted": false
                    },
                    "deposed": [],
                    "provider": "provider.aws"
                },
                "aws_subnet.subnet_public1": {
                    "type": "aws_subnet",
                    "depends_on": [
                        "aws_vpc.vpc"
                    ],
                    "primary": {
                        "id": "subnet-0db271a708b8a13be",
                        "attributes": {
                            "arn": "arn:aws:ec2:us-east-2:082495144955:subnet/subnet-0db271a708b8a13be",
                            "assign_ipv6_address_on_creation": "false",
                            "availability_zone": "us-east-2a",
                            "availability_zone_id": "use2-az1",
                            "cidr_block": "10.0.1.0/24",
                            "id": "subnet-0db271a708b8a13be",
                            "ipv6_cidr_block": "",
                            "ipv6_cidr_block_association_id": "",
                            "map_public_ip_on_launch": "true",
                            "owner_id": "082495144955",
                            "tags.%": "1",
                            "tags.Environment": "Production",
                            "vpc_id": "vpc-0900746ead42d7ab5"
                        },
                        "meta": {
                            "e2bfb730-ecaa-11e6-8f88-34363bc7c4c0": {
                                "create": 600000000000,
                                "delete": 1200000000000
                            },
                            "schema_version": "1"
                        },
                        "tainted": false
                    },
                    "deposed": [],
                    "provider": "provider.aws"
                },
                "aws_subnet.subnet_public2": {
                    "type": "aws_subnet",
                    "depends_on": [
                        "aws_vpc.vpc"
                    ],
                    "primary": {
                        "id": "subnet-0b4deedf6f659dda5",
                        "attributes": {
                            "arn": "arn:aws:ec2:us-east-2:082495144955:subnet/subnet-0b4deedf6f659dda5",
                            "assign_ipv6_address_on_creation": "false",
                            "availability_zone": "us-east-2b",
                            "availability_zone_id": "use2-az2",
                            "cidr_block": "10.0.2.0/24",
                            "id": "subnet-0b4deedf6f659dda5",
                            "ipv6_cidr_block": "",
                            "ipv6_cidr_block_association_id": "",
                            "map_public_ip_on_launch": "true",
                            "owner_id": "082495144955",
                            "tags.%": "1",
                            "tags.Environment": "Production",
                            "vpc_id": "vpc-0900746ead42d7ab5"
                        },
                        "meta": {
                            "e2bfb730-ecaa-11e6-8f88-34363bc7c4c0": {
                                "create": 600000000000,
                                "delete": 1200000000000
                            },
                            "schema_version": "1"
                        },
                        "tainted": false
                    },
                    "deposed": [],
                    "provider": "provider.aws"
                },
                "aws_subnet.subnet_public3": {
                    "type": "aws_subnet",
                    "depends_on": [
                        "aws_vpc.vpc"
                    ],
                    "primary": {
                        "id": "subnet-09aa2b34b8d7ede69",
                        "attributes": {
                            "arn": "arn:aws:ec2:us-east-2:082495144955:subnet/subnet-09aa2b34b8d7ede69",
                            "assign_ipv6_address_on_creation": "false",
                            "availability_zone": "us-east-2c",
                            "availability_zone_id": "use2-az3",
                            "cidr_block": "10.0.3.0/24",
                            "id": "subnet-09aa2b34b8d7ede69",
                            "ipv6_cidr_block": "",
                            "ipv6_cidr_block_association_id": "",
                            "map_public_ip_on_launch": "true",
                            "owner_id": "082495144955",
                            "tags.%": "1",
                            "tags.Environment": "Production",
                            "vpc_id": "vpc-0900746ead42d7ab5"
                        },
                        "meta": {
                            "e2bfb730-ecaa-11e6-8f88-34363bc7c4c0": {
                                "create": 600000000000,
                                "delete": 1200000000000
                            },
                            "schema_version": "1"
                        },
                        "tainted": false
                    },
                    "deposed": [],
                    "provider": "provider.aws"
                },
                "aws_vpc.vpc": {
                    "type": "aws_vpc",
                    "depends_on": [],
                    "primary": {
                        "id": "vpc-0900746ead42d7ab5",
                        "attributes": {
                            "arn": "arn:aws:ec2:us-east-2:082495144955:vpc/vpc-0900746ead42d7ab5",
                            "assign_generated_ipv6_cidr_block": "false",
                            "cidr_block": "10.0.0.0/16",
                            "default_network_acl_id": "acl-00444a7162cc84157",
                            "default_route_table_id": "rtb-04e5fcd53587c5f67",
                            "default_security_group_id": "sg-057dec1c6d8b3f225",
                            "dhcp_options_id": "dopt-9d15dff6",
                            "enable_dns_hostnames": "true",
                            "enable_dns_support": "true",
                            "id": "vpc-0900746ead42d7ab5",
                            "instance_tenancy": "default",
                            "ipv6_association_id": "",
                            "ipv6_cidr_block": "",
                            "main_route_table_id": "rtb-04e5fcd53587c5f67",
                            "owner_id": "082495144955",
                            "tags.%": "2",
                            "tags.Environment": "Production",
                            "tags.name": "cccccc"
                        },
                        "meta": {
                            "schema_version": "1"
                        },
                        "tainted": false
                    },
                    "deposed": [],
                    "provider": "provider.aws"
                }
            },
            "depends_on": []
        }
    ]
}
