{
    "version": 3,
    "terraform_version": "0.11.11",
    "serial": 9,
    "lineage": "067bd13c-e5af-eef8-b870-080e9f2f967f",
    "modules": [
        {
            "path": [
                "root"
            ],
            "outputs": {},
            "resources": {
                "aws_internet_gateway.igw": {
                    "type": "aws_internet_gateway",
                    "depends_on": [
                        "aws_vpc.vpc"
                    ],
                    "primary": {
                        "id": "igw-0d7b2abf1e6815c07",
                        "attributes": {
                            "id": "igw-0d7b2abf1e6815c07",
                            "owner_id": "093148784906",
                            "tags.%": "1",
                            "tags.Environment": "Production",
                            "vpc_id": "vpc-0aea54d34df259a2c"
                        },
                        "meta": {},
                        "tainted": false
                    },
                    "deposed": [],
                    "provider": "provider.aws"
                },
                "aws_route_table.rtb_public": {
                    "type": "aws_route_table",
                    "depends_on": [
                        "aws_internet_gateway.igw",
                        "aws_vpc.vpc"
                    ],
                    "primary": {
                        "id": "rtb-006fddcec9375ea03",
                        "attributes": {
                            "id": "rtb-006fddcec9375ea03",
                            "owner_id": "093148784906",
                            "propagating_vgws.#": "0",
                            "route.#": "1",
                            "route.1045412502.cidr_block": "0.0.0.0/0",
                            "route.1045412502.egress_only_gateway_id": "",
                            "route.1045412502.gateway_id": "igw-0d7b2abf1e6815c07",
                            "route.1045412502.instance_id": "",
                            "route.1045412502.ipv6_cidr_block": "",
                            "route.1045412502.nat_gateway_id": "",
                            "route.1045412502.network_interface_id": "",
                            "route.1045412502.transit_gateway_id": "",
                            "route.1045412502.vpc_peering_connection_id": "",
                            "tags.%": "1",
                            "tags.Environment": "Production",
                            "vpc_id": "vpc-0aea54d34df259a2c"
                        },
                        "meta": {},
                        "tainted": false
                    },
                    "deposed": [],
                    "provider": "provider.aws"
                },
                "aws_route_table_association.a": {
                    "type": "aws_route_table_association",
                    "depends_on": [
                        "aws_route_table.rtb_public",
                        "aws_subnet.subnet_public1"
                    ],
                    "primary": {
                        "id": "rtbassoc-0d2a149b9c4f6f372",
                        "attributes": {
                            "id": "rtbassoc-0d2a149b9c4f6f372",
                            "route_table_id": "rtb-006fddcec9375ea03",
                            "subnet_id": "subnet-0af33bfa538755782"
                        },
                        "meta": {},
                        "tainted": false
                    },
                    "deposed": [],
                    "provider": "provider.aws"
                },
                "aws_route_table_association.b": {
                    "type": "aws_route_table_association",
                    "depends_on": [
                        "aws_route_table.rtb_public",
                        "aws_subnet.subnet_public2"
                    ],
                    "primary": {
                        "id": "rtbassoc-079327d32987c7bf0",
                        "attributes": {
                            "id": "rtbassoc-079327d32987c7bf0",
                            "route_table_id": "rtb-006fddcec9375ea03",
                            "subnet_id": "subnet-0d63477a390d1d33b"
                        },
                        "meta": {},
                        "tainted": false
                    },
                    "deposed": [],
                    "provider": "provider.aws"
                },
                "aws_route_table_association.c": {
                    "type": "aws_route_table_association",
                    "depends_on": [
                        "aws_route_table.rtb_public",
                        "aws_subnet.subnet_public3"
                    ],
                    "primary": {
                        "id": "rtbassoc-040b905b9bb3d8f2a",
                        "attributes": {
                            "id": "rtbassoc-040b905b9bb3d8f2a",
                            "route_table_id": "rtb-006fddcec9375ea03",
                            "subnet_id": "subnet-0acd37a1cd4d79225"
                        },
                        "meta": {},
                        "tainted": false
                    },
                    "deposed": [],
                    "provider": "provider.aws"
                },
                "aws_subnet.subnet_public1": {
                    "type": "aws_subnet",
                    "depends_on": [
                        "aws_vpc.vpc"
                    ],
                    "primary": {
                        "id": "subnet-0af33bfa538755782",
                        "attributes": {
                            "arn": "arn:aws:ec2:us-east-1:093148784906:subnet/subnet-0af33bfa538755782",
                            "assign_ipv6_address_on_creation": "false",
                            "availability_zone": "us-east-1a",
                            "availability_zone_id": "use1-az2",
                            "cidr_block": "10.0.1.0/24",
                            "id": "subnet-0af33bfa538755782",
                            "ipv6_cidr_block": "",
                            "ipv6_cidr_block_association_id": "",
                            "map_public_ip_on_launch": "true",
                            "owner_id": "093148784906",
                            "tags.%": "1",
                            "tags.Environment": "Production",
                            "vpc_id": "vpc-0aea54d34df259a2c"
                        },
                        "meta": {
                            "e2bfb730-ecaa-11e6-8f88-34363bc7c4c0": {
                                "create": 600000000000,
                                "delete": 1200000000000
                            },
                            "schema_version": "1"
                        },
                        "tainted": false
                    },
                    "deposed": [],
                    "provider": "provider.aws"
                },
                "aws_subnet.subnet_public2": {
                    "type": "aws_subnet",
                    "depends_on": [
                        "aws_vpc.vpc"
                    ],
                    "primary": {
                        "id": "subnet-0d63477a390d1d33b",
                        "attributes": {
                            "arn": "arn:aws:ec2:us-east-1:093148784906:subnet/subnet-0d63477a390d1d33b",
                            "assign_ipv6_address_on_creation": "false",
                            "availability_zone": "us-east-1b",
                            "availability_zone_id": "use1-az4",
                            "cidr_block": "10.0.2.0/24",
                            "id": "subnet-0d63477a390d1d33b",
                            "ipv6_cidr_block": "",
                            "ipv6_cidr_block_association_id": "",
                            "map_public_ip_on_launch": "true",
                            "owner_id": "093148784906",
                            "tags.%": "1",
                            "tags.Environment": "Production",
                            "vpc_id": "vpc-0aea54d34df259a2c"
                        },
                        "meta": {
                            "e2bfb730-ecaa-11e6-8f88-34363bc7c4c0": {
                                "create": 600000000000,
                                "delete": 1200000000000
                            },
                            "schema_version": "1"
                        },
                        "tainted": false
                    },
                    "deposed": [],
                    "provider": "provider.aws"
                },
                "aws_subnet.subnet_public3": {
                    "type": "aws_subnet",
                    "depends_on": [
                        "aws_vpc.vpc"
                    ],
                    "primary": {
                        "id": "subnet-0acd37a1cd4d79225",
                        "attributes": {
                            "arn": "arn:aws:ec2:us-east-1:093148784906:subnet/subnet-0acd37a1cd4d79225",
                            "assign_ipv6_address_on_creation": "false",
                            "availability_zone": "us-east-1c",
                            "availability_zone_id": "use1-az6",
                            "cidr_block": "10.0.3.0/24",
                            "id": "subnet-0acd37a1cd4d79225",
                            "ipv6_cidr_block": "",
                            "ipv6_cidr_block_association_id": "",
                            "map_public_ip_on_launch": "true",
                            "owner_id": "093148784906",
                            "tags.%": "1",
                            "tags.Environment": "Production",
                            "vpc_id": "vpc-0aea54d34df259a2c"
                        },
                        "meta": {
                            "e2bfb730-ecaa-11e6-8f88-34363bc7c4c0": {
                                "create": 600000000000,
                                "delete": 1200000000000
                            },
                            "schema_version": "1"
                        },
                        "tainted": false
                    },
                    "deposed": [],
                    "provider": "provider.aws"
                },
                "aws_vpc.vpc": {
                    "type": "aws_vpc",
                    "depends_on": [],
                    "primary": {
                        "id": "vpc-0aea54d34df259a2c",
                        "attributes": {
                            "arn": "arn:aws:ec2:us-east-1:093148784906:vpc/vpc-0aea54d34df259a2c",
                            "assign_generated_ipv6_cidr_block": "false",
                            "cidr_block": "10.0.0.0/16",
                            "default_network_acl_id": "acl-0eb1a677d08747127",
                            "default_route_table_id": "rtb-059511c8937743446",
                            "default_security_group_id": "sg-05c19f0c1520eca76",
                            "dhcp_options_id": "dopt-8ad28cf1",
                            "enable_classiclink": "false",
                            "enable_classiclink_dns_support": "false",
                            "enable_dns_hostnames": "true",
                            "enable_dns_support": "true",
                            "id": "vpc-0aea54d34df259a2c",
                            "instance_tenancy": "default",
                            "ipv6_association_id": "",
                            "ipv6_cidr_block": "",
                            "main_route_table_id": "rtb-059511c8937743446",
                            "owner_id": "093148784906",
                            "tags.%": "2",
                            "tags.Environment": "Production",
                            "tags.name": "testroot"
                        },
                        "meta": {
                            "schema_version": "1"
                        },
                        "tainted": false
                    },
                    "deposed": [],
                    "provider": "provider.aws"
                }
            },
            "depends_on": []
        }
    ]
}
